
Microsoft Visual Studio Solution File, Format Version 12.00
# Visual Studio Version 16
VisualStudioVersion = 16.0.31702.278
MinimumVisualStudioVersion = 10.0.40219.1
Project("{FAE04EC0-301F-11D3-BF4B-00C04F79EFBC}") = "ClassLibrary1", "ClassLibrary1.csproj", "{BD4C0D32-2122-4B2D-A413-0FE1C667845D}"
EndProject
Project("{FAE04EC0-301F-11D3-BF4B-00C04F79EFBC}") = "TestProject1", "..\TestProject1\TestProject1.csproj", "{2E82640F-FE84-4126-936A-CC4B42DD83A3}"
EndProject
Global
	GlobalSection(SolutionConfigurationPlatforms) = preSolution
		Debug|Any CPU = Debug|Any CPU
		Release|Any CPU = Release|Any CPU
	EndGlobalSection
	GlobalSection(ProjectConfigurationPlatforms) = postSolution
		{BD4C0D32-2122-4B2D-A413-0FE1C667845D}.Debug|Any CPU.ActiveCfg = Debug|Any CPU
		{BD4C0D32-2122-4B2D-A413-0FE1C667845D}.Debug|Any CPU.Build.0 = Debug|Any CPU
		{BD4C0D32-2122-4B2D-A413-0FE1C667845D}.Release|Any CPU.ActiveCfg = Release|Any CPU
		{BD4C0D32-2122-4B2D-A413-0FE1C667845D}.Release|Any CPU.Build.0 = Release|Any CPU
		{2E82640F-FE84-4126-936A-CC4B42DD83A3}.Debug|Any CPU.ActiveCfg = Debug|Any CPU
		{2E82640F-FE84-4126-936A-CC4B42DD83A3}.Debug|Any CPU.Build.0 = Debug|Any CPU
		{2E82640F-FE84-4126-936A-CC4B42DD83A3}.Release|Any CPU.ActiveCfg = Release|Any CPU
		{2E82640F-FE84-4126-936A-CC4B42DD83A3}.Release|Any CPU.Build.0 = Release|Any CPU
	EndGlobalSection
	GlobalSection(SolutionProperties) = preSolution
		HideSolutionNode = FALSE
	EndGlobalSection
	GlobalSection(ExtensibilityGlobals) = postSolution
		SolutionGuid = {38215F53-6822-4035-8667-C1A298390425}
	EndGlobalSection
EndGlobal
